{
  "version": "5",
  "specifiers": {
    "jsr:@std/assert@1": "1.0.14",
    "jsr:@std/assert@1.0.14": "1.0.14",
    "jsr:@std/internal@^1.0.10": "1.0.14",
    "jsr:@supabase/functions-js@*": "2.110.8"
  },
  "jsr": {
    "@std/assert@1.0.14": {
      "integrity": "68d0d4a43b365abc927f45a9b85c639ea18a9fab96ad92281e493e4ed84abaa4",
      "dependencies": [
        "jsr:@std/internal"
      ]
    },
    "@std/internal@1.0.14": {
      "integrity": "291516b3d4c35024d6ffbc0a9df5bf4c64116e05b50012cf846710152d2ffdf7"
    },
    "@supabase/functions-js@2.110.8": {
      "integrity": "79de9d9de83149576cce2ff4b4d1bf2e1f40df472c04de413c67dc1ce1549220"
    }
  },
  "workspace": {
    "packageJson": {
      "dependencies": [
        "npm:@eslint/js@10.0.1",
        "npm:@supabase/supabase-js@2.110.8",
        "npm:@testing-library/jest-dom@7",
        "npm:@testing-library/react@^16.3.2",
        "npm:@types/react-dom@19.2.3",
        "npm:@types/react@19.2.17",
        "npm:@vitejs/plugin-react@6.0.4",
        "npm:autoprefixer@10.5.4",
        "npm:eslint-plugin-react-hooks@7.1.1",
        "npm:eslint-plugin-react-refresh@0.5.3",
        "npm:eslint@10.8.0",
        "npm:framer-motion@12.42.2",
        "npm:globals@17.8.0",
        "npm:ical.js@2.2.1",
        "npm:jsdom@^30.0.1",
        "npm:lucide-react@1.27.0",
        "npm:postcss@8.5.23",
        "npm:react-dom@19.2.8",
        "npm:react-easy-crop@6.2.3",
        "npm:react-router@8.3.0",
        "npm:react@19.2.8",
        "npm:tailwindcss@3.4.19",
        "npm:typescript-eslint@8.65.0",
        "npm:typescript@5.9.3",
        "npm:vite@8.1.5",
        "npm:vitest@^4.1.10"
      ]
    }
  }
}
